[[package]]
name = "bencode.py"
version = "4.0.0"
description = "Simple bencode parser (for Python 2, Python 3 and PyPy)"
category = "main"
optional = false
python-versions = "*"

[[package]]
name = "tempita"
version = "0.5.2"
description = "A very small text templating language"
category = "main"
optional = false
python-versions = "*"

[metadata]
lock-version = "1.1"
python-versions = ">3.6,<4"
content-hash = "fd575e59cb8fe93781960cd63960a04cf9d3567ec7fb69e080ec2323996cb652"

[metadata.files]
"bencode.py" = [
    {file = "bencode.py-4.0.0-py2.py3-none-any.whl", hash = "sha256:99c06a55764e85ffe81622fdf9ee78bd737bad3ea61d119784a54bb28860d962"},
    {file = "bencode.py-4.0.0.tar.gz", hash = "sha256:2a24ccda1725a51a650893d0b63260138359eaa299bb6e7a09961350a2a6e05c"},
]
tempita = [
    {file = "Tempita-0.5.2-py3-none-any.whl", hash = "sha256:f4554840cb59c6b4a5df4fad27eea4e3cb47ca7089bfeefb5890ff1bb8af2117"},
    {file = "Tempita-0.5.2.tar.gz", hash = "sha256:cacecf0baa674d356641f1d406b8bff1d756d739c46b869a54de515d08e6fc9c"},
]
